
Microsoft Visual Studio Solution File, Format Version 12.00
# Visual Studio Version 16
VisualStudioVersion = 16.0.29613.14
MinimumVisualStudioVersion = 10.0.40219.1
Project("{FAE04EC0-301F-11D3-BF4B-00C04F79EFBC}") = "DastFood", "DastFood.csproj", "{A9573D0A-1EB2-449B-A8C8-979F7F94F266}"
EndProject
Global
	GlobalSection(SolutionConfigurationPlatforms) = preSolution
		Debug|Any CPU = Debug|Any CPU
		Release|Any CPU = Release|Any CPU
	EndGlobalSection
	GlobalSection(ProjectConfigurationPlatforms) = postSolution
		{A9573D0A-1EB2-449B-A8C8-979F7F94F266}.Debug|Any CPU.ActiveCfg = Debug|Any CPU
		{A9573D0A-1EB2-449B-A8C8-979F7F94F266}.Debug|Any CPU.Build.0 = Debug|Any CPU
		{A9573D0A-1EB2-449B-A8C8-979F7F94F266}.Release|Any CPU.ActiveCfg = Release|Any CPU
		{A9573D0A-1EB2-449B-A8C8-979F7F94F266}.Release|Any CPU.Build.0 = Release|Any CPU
	EndGlobalSection
	GlobalSection(SolutionProperties) = preSolution
		HideSolutionNode = FALSE
	EndGlobalSection
	GlobalSection(ExtensibilityGlobals) = postSolution
		SolutionGuid = {132E3FE2-7216-4596-B02B-396DE957A94A}
	EndGlobalSection
EndGlobal
